
Microsoft Visual Studio Solution File, Format Version 12.00
# Visual Studio Version 16
VisualStudioVersion = 16.0.31515.178
MinimumVisualStudioVersion = 10.0.40219.1
Project("{FAE04EC0-301F-11D3-BF4B-00C04F79EFBC}") = "UnsafeReader", "UnsafeReader\UnsafeReader.csproj", "{4DC53926-BDE4-4FC1-AFBB-A3DCCF201943}"
EndProject
Project("{2150E333-8FDC-42A3-9474-1A3956D46DE8}") = "src", "src", "{AE824E85-7381-4606-A146-72612A94AFAB}"
EndProject
Project("{FAE04EC0-301F-11D3-BF4B-00C04F79EFBC}") = "UnsafeReaderWPF", "UnsafeReaderWPF\UnsafeReaderWPF.csproj", "{2A92AE1A-8936-47DB-AB87-2103F23CAAE5}"
EndProject
Global
	GlobalSection(SolutionConfigurationPlatforms) = preSolution
		Debug|Any CPU = Debug|Any CPU
		Release|Any CPU = Release|Any CPU
	EndGlobalSection
	GlobalSection(ProjectConfigurationPlatforms) = postSolution
		{4DC53926-BDE4-4FC1-AFBB-A3DCCF201943}.Debug|Any CPU.ActiveCfg = Debug|Any CPU
		{4DC53926-BDE4-4FC1-AFBB-A3DCCF201943}.Debug|Any CPU.Build.0 = Debug|Any CPU
		{4DC53926-BDE4-4FC1-AFBB-A3DCCF201943}.Release|Any CPU.ActiveCfg = Release|Any CPU
		{4DC53926-BDE4-4FC1-AFBB-A3DCCF201943}.Release|Any CPU.Build.0 = Release|Any CPU
		{2A92AE1A-8936-47DB-AB87-2103F23CAAE5}.Debug|Any CPU.ActiveCfg = Debug|Any CPU
		{2A92AE1A-8936-47DB-AB87-2103F23CAAE5}.Debug|Any CPU.Build.0 = Debug|Any CPU
		{2A92AE1A-8936-47DB-AB87-2103F23CAAE5}.Release|Any CPU.ActiveCfg = Release|Any CPU
		{2A92AE1A-8936-47DB-AB87-2103F23CAAE5}.Release|Any CPU.Build.0 = Release|Any CPU
	EndGlobalSection
	GlobalSection(SolutionProperties) = preSolution
		HideSolutionNode = FALSE
	EndGlobalSection
	GlobalSection(NestedProjects) = preSolution
		{4DC53926-BDE4-4FC1-AFBB-A3DCCF201943} = {AE824E85-7381-4606-A146-72612A94AFAB}
		{2A92AE1A-8936-47DB-AB87-2103F23CAAE5} = {AE824E85-7381-4606-A146-72612A94AFAB}
	EndGlobalSection
	GlobalSection(ExtensibilityGlobals) = postSolution
		SolutionGuid = {504B8CE9-1C52-4149-BAA7-B219AC736035}
	EndGlobalSection
EndGlobal
